
Microsoft Visual Studio Solution File, Format Version 12.00
# Visual Studio Version 17
VisualStudioVersion = 17.10.35122.118
MinimumVisualStudioVersion = 10.0.40219.1
Project("{8BC9CEB8-8B4A-11D0-8D11-00A0C91BC942}") = "laba1", "laba1\laba1.vcxproj", "{E44ACB5C-95BF-4000-A8B1-B792AE5FB484}"
EndProject
Global
	GlobalSection(SolutionConfigurationPlatforms) = preSolution
		Debug|x64 = Debug|x64
		Debug|x86 = Debug|x86
		Release|x64 = Release|x64
		Release|x86 = Release|x86
	EndGlobalSection
	GlobalSection(ProjectConfigurationPlatforms) = postSolution
		{E44ACB5C-95BF-4000-A8B1-B792AE5FB484}.Debug|x64.ActiveCfg = Debug|x64
		{E44ACB5C-95BF-4000-A8B1-B792AE5FB484}.Debug|x64.Build.0 = Debug|x64
		{E44ACB5C-95BF-4000-A8B1-B792AE5FB484}.Debug|x86.ActiveCfg = Debug|Win32
		{E44ACB5C-95BF-4000-A8B1-B792AE5FB484}.Debug|x86.Build.0 = Debug|Win32
		{E44ACB5C-95BF-4000-A8B1-B792AE5FB484}.Release|x64.ActiveCfg = Release|x64
		{E44ACB5C-95BF-4000-A8B1-B792AE5FB484}.Release|x64.Build.0 = Release|x64
		{E44ACB5C-95BF-4000-A8B1-B792AE5FB484}.Release|x86.ActiveCfg = Release|Win32
		{E44ACB5C-95BF-4000-A8B1-B792AE5FB484}.Release|x86.Build.0 = Release|Win32
	EndGlobalSection
	GlobalSection(SolutionProperties) = preSolution
		HideSolutionNode = FALSE
	EndGlobalSection
	GlobalSection(ExtensibilityGlobals) = postSolution
		SolutionGuid = {3DC785BD-1651-49E8-8474-8DE7FA1C320E}
	EndGlobalSection
EndGlobal
